// !$*UTF8*$!
{
	archiveVersion = 1;
	classes = {
	};
	objectVersion = 50;
	objects = {

/* Begin PBXBuildFile section */
		083FA5462215576700761656 /* localizable.strings in Resources */ = {isa = PBXBuildFile; fileRef = 083FA5452215576700761656 /* localizable.strings */; };
		08ACD41E21F9D171003D5958 /* R.generated.swift in Sources */ = {isa = PBXBuildFile; fileRef = 08ACD41D21F9D171003D5958 /* R.generated.swift */; };
		08DDEF4821C28BC500224015 /* AppDelegate.swift in Sources */ = {isa = PBXBuildFile; fileRef = 08DDEF4721C28BC500224015 /* AppDelegate.swift */; };
		08DDEF4A21C28BC500224015 /* ViewController.swift in Sources */ = {isa = PBXBuildFile; fileRef = 08DDEF4921C28BC500224015 /* ViewController.swift */; };
		08DDEF4D21C28BC500224015 /* Main.storyboard in Resources */ = {isa = PBXBuildFile; fileRef = 08DDEF4B21C28BC500224015 /* Main.storyboard */; };
		08DDEF4F21C28BC700224015 /* Assets.xcassets in Resources */ = {isa = PBXBuildFile; fileRef = 08DDEF4E21C28BC700224015 /* Assets.xcassets */; };
		08DDEF5221C28BC700224015 /* LaunchScreen.storyboard in Resources */ = {isa = PBXBuildFile; fileRef = 08DDEF5021C28BC700224015 /* LaunchScreen.storyboard */; };
		08DDEF5D21C28BC700224015 /* ColorPickerSwiftTests.swift in Sources */ = {isa = PBXBuildFile; fileRef = 08DDEF5C21C28BC700224015 /* ColorPickerSwiftTests.swift */; };
		08DDEF6821C28BC700224015 /* ColorPickerSwiftUITests.swift in Sources */ = {isa = PBXBuildFile; fileRef = 08DDEF6721C28BC700224015 /* ColorPickerSwiftUITests.swift */; };
		08DDEF7721C2985E00224015 /* Colors.xcassets in Resources */ = {isa = PBXBuildFile; fileRef = 08DDEF7621C2985E00224015 /* Colors.xcassets */; };
		08DDEF7B21C29F8E00224015 /* ColorPickerViewController.swift in Sources */ = {isa = PBXBuildFile; fileRef = 08DDEF7A21C29F8E00224015 /* ColorPickerViewController.swift */; };
		08DDEF7D21C2AFC300224015 /* ColorAsset.swift in Sources */ = {isa = PBXBuildFile; fileRef = 08DDEF7C21C2AFC200224015 /* ColorAsset.swift */; };
		08DDEF8121C2C3B200224015 /* SegueHandlerType.swift in Sources */ = {isa = PBXBuildFile; fileRef = 08DDEF8021C2C3B200224015 /* SegueHandlerType.swift */; };
		347FDB06B6077EBCA6B78F72 /* Pods_ColorPickerSwiftUITests.framework in Frameworks */ = {isa = PBXBuildFile; fileRef = 8FAD5C3D46FD42971DA81496 /* Pods_ColorPickerSwiftUITests.framework */; };
		544CC87E27CC8654E0363999 /* Pods_ColorPickerSwiftTests.framework in Frameworks */ = {isa = PBXBuildFile; fileRef = 7CB2389E7DA1A32776D8063E /* Pods_ColorPickerSwiftTests.framework */; };
		85F0C3E6FB3C7B286C1C6132 /* Pods_ColorPickerSwift.framework in Frameworks */ = {isa = PBXBuildFile; fileRef = 0627A81CCA38272CEF3F9329 /* Pods_ColorPickerSwift.framework */; };
/* End PBXBuildFile section */

/* Begin PBXContainerItemProxy section */
		08DDEF5921C28BC700224015 /* PBXContainerItemProxy */ = {
			isa = PBXContainerItemProxy;
			containerPortal = 08DDEF3C21C28BC500224015 /* Project object */;
			proxyType = 1;
			remoteGlobalIDString = 08DDEF4321C28BC500224015;
			remoteInfo = ColorPickerSwift;
		};
		08DDEF6421C28BC700224015 /* PBXContainerItemProxy */ = {
			isa = PBXContainerItemProxy;
			containerPortal = 08DDEF3C21C28BC500224015 /* Project object */;
			proxyType = 1;
			remoteGlobalIDString = 08DDEF4321C28BC500224015;
			remoteInfo = ColorPickerSwift;
		};
/* End PBXContainerItemProxy section */

/* Begin PBXFileReference section */
		0627A81CCA38272CEF3F9329 /* Pods_ColorPickerSwift.framework */ = {isa = PBXFileReference; explicitFileType = wrapper.framework; includeInIndex = 0; path = Pods_ColorPickerSwift.framework; sourceTree = BUILT_PRODUCTS_DIR; };
		083FA5452215576700761656 /* localizable.strings */ = {isa = PBXFileReference; lastKnownFileType = text.plist.strings; path = localizable.strings; sourceTree = "<group>"; };
		08ACD41D21F9D171003D5958 /* R.generated.swift */ = {isa = PBXFileReference; fileEncoding = 4; lastKnownFileType = sourcecode.swift; path = R.generated.swift; sourceTree = SOURCE_ROOT; };
		08DDEF4421C28BC500224015 /* ColorPickerSwift.app */ = {isa = PBXFileReference; explicitFileType = wrapper.application; includeInIndex = 0; path = ColorPickerSwift.app; sourceTree = BUILT_PRODUCTS_DIR; };
		08DDEF4721C28BC500224015 /* AppDelegate.swift */ = {isa = PBXFileReference; lastKnownFileType = sourcecode.swift; path = AppDelegate.swift; sourceTree = "<group>"; };
		08DDEF4921C28BC500224015 /* ViewController.swift */ = {isa = PBXFileReference; lastKnownFileType = sourcecode.swift; path = ViewController.swift; sourceTree = "<group>"; };
		08DDEF4C21C28BC500224015 /* Base */ = {isa = PBXFileReference; lastKnownFileType = file.storyboard; name = Base; path = Base.lproj/Main.storyboard; sourceTree = "<group>"; };
		08DDEF4E21C28BC700224015 /* Assets.xcassets */ = {isa = PBXFileReference; lastKnownFileType = folder.assetcatalog; path = Assets.xcassets; sourceTree = "<group>"; };
		08DDEF5121C28BC700224015 /* Base */ = {isa = PBXFileReference; lastKnownFileType = file.storyboard; name = Base; path = Base.lproj/LaunchScreen.storyboard; sourceTree = "<group>"; };
		08DDEF5321C28BC700224015 /* Info.plist */ = {isa = PBXFileReference; lastKnownFileType = text.plist.xml; path = Info.plist; sourceTree = "<group>"; };
		08DDEF5821C28BC700224015 /* ColorPickerSwiftTests.xctest */ = {isa = PBXFileReference; explicitFileType = wrapper.cfbundle; includeInIndex = 0; path = ColorPickerSwiftTests.xctest; sourceTree = BUILT_PRODUCTS_DIR; };
		08DDEF5C21C28BC700224015 /* ColorPickerSwiftTests.swift */ = {isa = PBXFileReference; lastKnownFileType = sourcecode.swift; path = ColorPickerSwiftTests.swift; sourceTree = "<group>"; };
		08DDEF5E21C28BC700224015 /* Info.plist */ = {isa = PBXFileReference; lastKnownFileType = text.plist.xml; path = Info.plist; sourceTree = "<group>"; };
		08DDEF6321C28BC700224015 /* ColorPickerSwiftUITests.xctest */ = {isa = PBXFileReference; explicitFileType = wrapper.cfbundle; includeInIndex = 0; path = ColorPickerSwiftUITests.xctest; sourceTree = BUILT_PRODUCTS_DIR; };
		08DDEF6721C28BC700224015 /* ColorPickerSwiftUITests.swift */ = {isa = PBXFileReference; lastKnownFileType = sourcecode.swift; path = ColorPickerSwiftUITests.swift; sourceTree = "<group>"; };
		08DDEF6921C28BC700224015 /* Info.plist */ = {isa = PBXFileReference; lastKnownFileType = text.plist.xml; path = Info.plist; sourceTree = "<group>"; };
		08DDEF7621C2985E00224015 /* Colors.xcassets */ = {isa = PBXFileReference; lastKnownFileType = folder.assetcatalog; path = Colors.xcassets; sourceTree = "<group>"; };
		08DDEF7A21C29F8E00224015 /* ColorPickerViewController.swift */ = {isa = PBXFileReference; lastKnownFileType = sourcecode.swift; path = ColorPickerViewController.swift; sourceTree = "<group>"; };
		08DDEF7C21C2AFC200224015 /* ColorAsset.swift */ = {isa = PBXFileReference; lastKnownFileType = sourcecode.swift; path = ColorAsset.swift; sourceTree = "<group>"; };
		08DDEF8021C2C3B200224015 /* SegueHandlerType.swift */ = {isa = PBXFileReference; lastKnownFileType = sourcecode.swift; path = SegueHandlerType.swift; sourceTree = "<group>"; };
		1BF71D8C1574AD8ADBCD182C /* Pods-ColorPickerSwiftUITests.debug.xcconfig */ = {isa = PBXFileReference; includeInIndex = 1; lastKnownFileType = text.xcconfig; name = "Pods-ColorPickerSwiftUITests.debug.xcconfig"; path = "Pods/Target Support Files/Pods-ColorPickerSwiftUITests/Pods-ColorPickerSwiftUITests.debug.xcconfig"; sourceTree = "<group>"; };
		234AF4E57DC5D116E9022665 /* Pods-ColorPickerSwift.release.xcconfig */ = {isa = PBXFileReference; includeInIndex = 1; lastKnownFileType = text.xcconfig; name = "Pods-ColorPickerSwift.release.xcconfig"; path = "Pods/Target Support Files/Pods-ColorPickerSwift/Pods-ColorPickerSwift.release.xcconfig"; sourceTree = "<group>"; };
		26262957A74B1E601E0EF7FE /* Pods-ColorPickerSwiftTests.debug.xcconfig */ = {isa = PBXFileReference; includeInIndex = 1; lastKnownFileType = text.xcconfig; name = "Pods-ColorPickerSwiftTests.debug.xcconfig"; path = "Pods/Target Support Files/Pods-ColorPickerSwiftTests/Pods-ColorPickerSwiftTests.debug.xcconfig"; sourceTree = "<group>"; };
		39E0382AD55CDB297A69A14F /* Pods-ColorPickerSwiftTests.release.xcconfig */ = {isa = PBXFileReference; includeInIndex = 1; lastKnownFileType = text.xcconfig; name = "Pods-ColorPickerSwiftTests.release.xcconfig"; path = "Pods/Target Support Files/Pods-ColorPickerSwiftTests/Pods-ColorPickerSwiftTests.release.xcconfig"; sourceTree = "<group>"; };
		6D133523C409AF70322FC5A8 /* Pods-ColorPickerSwift.debug.xcconfig */ = {isa = PBXFileReference; includeInIndex = 1; lastKnownFileType = text.xcconfig; name = "Pods-ColorPickerSwift.debug.xcconfig"; path = "Pods/Target Support Files/Pods-ColorPickerSwift/Pods-ColorPickerSwift.debug.xcconfig"; sourceTree = "<group>"; };
		7CB2389E7DA1A32776D8063E /* Pods_ColorPickerSwiftTests.framework */ = {isa = PBXFileReference; explicitFileType = wrapper.framework; includeInIndex = 0; path = Pods_ColorPickerSwiftTests.framework; sourceTree = BUILT_PRODUCTS_DIR; };
		8FAD5C3D46FD42971DA81496 /* Pods_ColorPickerSwiftUITests.framework */ = {isa = PBXFileReference; explicitFileType = wrapper.framework; includeInIndex = 0; path = Pods_ColorPickerSwiftUITests.framework; sourceTree = BUILT_PRODUCTS_DIR; };
		FA9A214E682CC0812B22122D /* Pods-ColorPickerSwiftUITests.release.xcconfig */ = {isa = PBXFileReference; includeInIndex = 1; lastKnownFileType = text.xcconfig; name = "Pods-ColorPickerSwiftUITests.release.xcconfig"; path = "Pods/Target Support Files/Pods-ColorPickerSwiftUITests/Pods-ColorPickerSwiftUITests.release.xcconfig"; sourceTree = "<group>"; };
/* End PBXFileReference section */

/* Begin PBXFrameworksBuildPhase section */
		08DDEF4121C28BC500224015 /* Frameworks */ = {
			isa = PBXFrameworksBuildPhase;
			buildActionMask = 2147483647;
			files = (
				85F0C3E6FB3C7B286C1C6132 /* Pods_ColorPickerSwift.framework in Frameworks */,
			);
			runOnlyForDeploymentPostprocessing = 0;
		};
		08DDEF5521C28BC700224015 /* Frameworks */ = {
			isa = PBXFrameworksBuildPhase;
			buildActionMask = 2147483647;
			files = (
				544CC87E27CC8654E0363999 /* Pods_ColorPickerSwiftTests.framework in Frameworks */,
			);
			runOnlyForDeploymentPostprocessing = 0;
		};
		08DDEF6021C28BC700224015 /* Frameworks */ = {
			isa = PBXFrameworksBuildPhase;
			buildActionMask = 2147483647;
			files = (
				347FDB06B6077EBCA6B78F72 /* Pods_ColorPickerSwiftUITests.framework in Frameworks */,
			);
			runOnlyForDeploymentPostprocessing = 0;
		};
/* End PBXFrameworksBuildPhase section */

/* Begin PBXGroup section */
		08DDEF3B21C28BC500224015 = {
			isa = PBXGroup;
			children = (
				08DDEF4621C28BC500224015 /* ColorPickerSwift */,
				08DDEF5B21C28BC700224015 /* ColorPickerSwiftTests */,
				08DDEF6621C28BC700224015 /* ColorPickerSwiftUITests */,
				08DDEF4521C28BC500224015 /* Products */,
				641A74DAE719B60059479272 /* Pods */,
				40634847CFC86EC929701BA8 /* Frameworks */,
			);
			sourceTree = "<group>";
		};
		08DDEF4521C28BC500224015 /* Products */ = {
			isa = PBXGroup;
			children = (
				08DDEF4421C28BC500224015 /* ColorPickerSwift.app */,
				08DDEF5821C28BC700224015 /* ColorPickerSwiftTests.xctest */,
				08DDEF6321C28BC700224015 /* ColorPickerSwiftUITests.xctest */,
			);
			name = Products;
			sourceTree = "<group>";
		};
		08DDEF4621C28BC500224015 /* ColorPickerSwift */ = {
			isa = PBXGroup;
			children = (
				08DDEF7A21C29F8E00224015 /* ColorPickerViewController.swift */,
				08DDEF4721C28BC500224015 /* AppDelegate.swift */,
				08DDEF4921C28BC500224015 /* ViewController.swift */,
				08DDEF4B21C28BC500224015 /* Main.storyboard */,
				08DDEF4E21C28BC700224015 /* Assets.xcassets */,
				08DDEF5021C28BC700224015 /* LaunchScreen.storyboard */,
				08DDEF5321C28BC700224015 /* Info.plist */,
				08DDEF7621C2985E00224015 /* Colors.xcassets */,
				08DDEF7C21C2AFC200224015 /* ColorAsset.swift */,
				08DDEF8021C2C3B200224015 /* SegueHandlerType.swift */,
				08ACD41D21F9D171003D5958 /* R.generated.swift */,
				083FA5452215576700761656 /* localizable.strings */,
			);
			path = ColorPickerSwift;
			sourceTree = "<group>";
		};
		08DDEF5B21C28BC700224015 /* ColorPickerSwiftTests */ = {
			isa = PBXGroup;
			children = (
				08DDEF5C21C28BC700224015 /* ColorPickerSwiftTests.swift */,
				08DDEF5E21C28BC700224015 /* Info.plist */,
			);
			path = ColorPickerSwiftTests;
			sourceTree = "<group>";
		};
		08DDEF6621C28BC700224015 /* ColorPickerSwiftUITests */ = {
			isa = PBXGroup;
			children = (
				08DDEF6721C28BC700224015 /* ColorPickerSwiftUITests.swift */,
				08DDEF6921C28BC700224015 /* Info.plist */,
			);
			path = ColorPickerSwiftUITests;
			sourceTree = "<group>";
		};
		40634847CFC86EC929701BA8 /* Frameworks */ = {
			isa = PBXGroup;
			children = (
				0627A81CCA38272CEF3F9329 /* Pods_ColorPickerSwift.framework */,
				7CB2389E7DA1A32776D8063E /* Pods_ColorPickerSwiftTests.framework */,
				8FAD5C3D46FD42971DA81496 /* Pods_ColorPickerSwiftUITests.framework */,
			);
			name = Frameworks;
			sourceTree = "<group>";
		};
		641A74DAE719B60059479272 /* Pods */ = {
			isa = PBXGroup;
			children = (
				6D133523C409AF70322FC5A8 /* Pods-ColorPickerSwift.debug.xcconfig */,
				234AF4E57DC5D116E9022665 /* Pods-ColorPickerSwift.release.xcconfig */,
				26262957A74B1E601E0EF7FE /* Pods-ColorPickerSwiftTests.debug.xcconfig */,
				39E0382AD55CDB297A69A14F /* Pods-ColorPickerSwiftTests.release.xcconfig */,
				1BF71D8C1574AD8ADBCD182C /* Pods-ColorPickerSwiftUITests.debug.xcconfig */,
				FA9A214E682CC0812B22122D /* Pods-ColorPickerSwiftUITests.release.xcconfig */,
			);
			name = Pods;
			sourceTree = "<group>";
		};
/* End PBXGroup section */

/* Begin PBXNativeTarget section */
		08DDEF4321C28BC500224015 /* ColorPickerSwift */ = {
			isa = PBXNativeTarget;
			buildConfigurationList = 08DDEF6C21C28BC700224015 /* Build configuration list for PBXNativeTarget "ColorPickerSwift" */;
			buildPhases = (
				63306803F5FD3B65173C60AC /* [CP] Check Pods Manifest.lock */,
				08ACD41C21F9D0B7003D5958 /* ShellScript */,
				08DDEF4021C28BC500224015 /* Sources */,
				08DDEF4121C28BC500224015 /* Frameworks */,
				08DDEF4221C28BC500224015 /* Resources */,
				3EA3CA7A328E4018D1629C03 /* [CP] Embed Pods Frameworks */,
			);
			buildRules = (
			);
			dependencies = (
			);
			name = ColorPickerSwift;
			productName = ColorPickerSwift;
			productReference = 08DDEF4421C28BC500224015 /* ColorPickerSwift.app */;
			productType = "com.apple.product-type.application";
		};
		08DDEF5721C28BC700224015 /* ColorPickerSwiftTests */ = {
			isa = PBXNativeTarget;
			buildConfigurationList = 08DDEF6F21C28BC700224015 /* Build configuration list for PBXNativeTarget "ColorPickerSwiftTests" */;
			buildPhases = (
				6FCFFB285D25082D90DE4F71 /* [CP] Check Pods Manifest.lock */,
				08DDEF5421C28BC700224015 /* Sources */,
				08DDEF5521C28BC700224015 /* Frameworks */,
				08DDEF5621C28BC700224015 /* Resources */,
			);
			buildRules = (
			);
			dependencies = (
				08DDEF5A21C28BC700224015 /* PBXTargetDependency */,
			);
			name = ColorPickerSwiftTests;
			productName = ColorPickerSwiftTests;
			productReference = 08DDEF5821C28BC700224015 /* ColorPickerSwiftTests.xctest */;
			productType = "com.apple.product-type.bundle.unit-test";
		};
		08DDEF6221C28BC700224015 /* ColorPickerSwiftUITests */ = {
			isa = PBXNativeTarget;
			buildConfigurationList = 08DDEF7221C28BC700224015 /* Build configuration list for PBXNativeTarget "ColorPickerSwiftUITests" */;
			buildPhases = (
				4EE5B8A42CB12DDA487A6D8D /* [CP] Check Pods Manifest.lock */,
				08DDEF5F21C28BC700224015 /* Sources */,
				08DDEF6021C28BC700224015 /* Frameworks */,
				08DDEF6121C28BC700224015 /* Resources */,
			);
			buildRules = (
			);
			dependencies = (
				08DDEF6521C28BC700224015 /* PBXTargetDependency */,
			);
			name = ColorPickerSwiftUITests;
			productName = ColorPickerSwiftUITests;
			productReference = 08DDEF6321C28BC700224015 /* ColorPickerSwiftUITests.xctest */;
			productType = "com.apple.product-type.bundle.ui-testing";
		};
/* End PBXNativeTarget section */

/* Begin PBXProject section */
		08DDEF3C21C28BC500224015 /* Project object */ = {
			isa = PBXProject;
			attributes = {
				LastSwiftUpdateCheck = 1010;
				LastUpgradeCheck = 1010;
				ORGANIZATIONNAME = lpiem;
				TargetAttributes = {
					08DDEF4321C28BC500224015 = {
						CreatedOnToolsVersion = 10.1;
					};
					08DDEF5721C28BC700224015 = {
						CreatedOnToolsVersion = 10.1;
						TestTargetID = 08DDEF4321C28BC500224015;
					};
					08DDEF6221C28BC700224015 = {
						CreatedOnToolsVersion = 10.1;
						TestTargetID = 08DDEF4321C28BC500224015;
					};
				};
			};
			buildConfigurationList = 08DDEF3F21C28BC500224015 /* Build configuration list for PBXProject "ColorPickerSwift" */;
			compatibilityVersion = "Xcode 9.3";
			developmentRegion = en;
			hasScannedForEncodings = 0;
			knownRegions = (
				en,
				Base,
			);
			mainGroup = 08DDEF3B21C28BC500224015;
			productRefGroup = 08DDEF4521C28BC500224015 /* Products */;
			projectDirPath = "";
			projectRoot = "";
			targets = (
				08DDEF4321C28BC500224015 /* ColorPickerSwift */,
				08DDEF5721C28BC700224015 /* ColorPickerSwiftTests */,
				08DDEF6221C28BC700224015 /* ColorPickerSwiftUITests */,
			);
		};
/* End PBXProject section */

/* Begin PBXResourcesBuildPhase section */
		08DDEF4221C28BC500224015 /* Resources */ = {
			isa = PBXResourcesBuildPhase;
			buildActionMask = 2147483647;
			files = (
				08DDEF5221C28BC700224015 /* LaunchScreen.storyboard in Resources */,
				083FA5462215576700761656 /* localizable.strings in Resources */,
				08DDEF7721C2985E00224015 /* Colors.xcassets in Resources */,
				08DDEF4F21C28BC700224015 /* Assets.xcassets in Resources */,
				08DDEF4D21C28BC500224015 /* Main.storyboard in Resources */,
			);
			runOnlyForDeploymentPostprocessing = 0;
		};
		08DDEF5621C28BC700224015 /* Resources */ = {
			isa = PBXResourcesBuildPhase;
			buildActionMask = 2147483647;
			files = (
			);
			runOnlyForDeploymentPostprocessing = 0;
		};
		08DDEF6121C28BC700224015 /* Resources */ = {
			isa = PBXResourcesBuildPhase;
			buildActionMask = 2147483647;
			files = (
			);
			runOnlyForDeploymentPostprocessing = 0;
		};
/* End PBXResourcesBuildPhase section */

/* Begin PBXShellScriptBuildPhase section */
		08ACD41C21F9D0B7003D5958 /* ShellScript */ = {
			isa = PBXShellScriptBuildPhase;
			buildActionMask = 2147483647;
			files = (
			);
			inputFileListPaths = (
			);
			inputPaths = (
				"$TEMP_DIR/rswift-lastrun",
			);
			outputFileListPaths = (
			);
			outputPaths = (
				$SRCROOT/R.generated.swift,
			);
			runOnlyForDeploymentPostprocessing = 0;
			shellPath = /bin/sh;
			shellScript = "\"$PODS_ROOT/R.swift/rswift\" generate \"$SRCROOT/R.generated.swift\"\n \n";
		};
		3EA3CA7A328E4018D1629C03 /* [CP] Embed Pods Frameworks */ = {
			isa = PBXShellScriptBuildPhase;
			buildActionMask = 2147483647;
			files = (
			);
			inputPaths = (
				"${SRCROOT}/Pods/Target Support Files/Pods-ColorPickerSwift/Pods-ColorPickerSwift-frameworks.sh",
				"${BUILT_PRODUCTS_DIR}/R.swift.Library/Rswift.framework",
			);
			name = "[CP] Embed Pods Frameworks";
			outputPaths = (
				"${TARGET_BUILD_DIR}/${FRAMEWORKS_FOLDER_PATH}/Rswift.framework",
			);
			runOnlyForDeploymentPostprocessing = 0;
			shellPath = /bin/sh;
			shellScript = "\"${SRCROOT}/Pods/Target Support Files/Pods-ColorPickerSwift/Pods-ColorPickerSwift-frameworks.sh\"\n";
			showEnvVarsInLog = 0;
		};
		4EE5B8A42CB12DDA487A6D8D /* [CP] Check Pods Manifest.lock */ = {
			isa = PBXShellScriptBuildPhase;
			buildActionMask = 2147483647;
			files = (
			);
			inputPaths = (
				"${PODS_PODFILE_DIR_PATH}/Podfile.lock",
				"${PODS_ROOT}/Manifest.lock",
			);
			name = "[CP] Check Pods Manifest.lock";
			outputPaths = (
				"$(DERIVED_FILE_DIR)/Pods-ColorPickerSwiftUITests-checkManifestLockResult.txt",
			);
			runOnlyForDeploymentPostprocessing = 0;
			shellPath = /bin/sh;
			shellScript = "diff \"${PODS_PODFILE_DIR_PATH}/Podfile.lock\" \"${PODS_ROOT}/Manifest.lock\" > /dev/null\nif [ $? != 0 ] ; then\n    # print error to STDERR\n    echo \"error: The sandbox is not in sync with the Podfile.lock. Run 'pod install' or update your CocoaPods installation.\" >&2\n    exit 1\nfi\n# This output is used by Xcode 'outputs' to avoid re-running this script phase.\necho \"SUCCESS\" > \"${SCRIPT_OUTPUT_FILE_0}\"\n";
			showEnvVarsInLog = 0;
		};
		63306803F5FD3B65173C60AC /* [CP] Check Pods Manifest.lock */ = {
			isa = PBXShellScriptBuildPhase;
			buildActionMask = 2147483647;
			files = (
			);
			inputPaths = (
				"${PODS_PODFILE_DIR_PATH}/Podfile.lock",
				"${PODS_ROOT}/Manifest.lock",
			);
			name = "[CP] Check Pods Manifest.lock";
			outputPaths = (
				"$(DERIVED_FILE_DIR)/Pods-ColorPickerSwift-checkManifestLockResult.txt",
			);
			runOnlyForDeploymentPostprocessing = 0;
			shellPath = /bin/sh;
			shellScript = "diff \"${PODS_PODFILE_DIR_PATH}/Podfile.lock\" \"${PODS_ROOT}/Manifest.lock\" > /dev/null\nif [ $? != 0 ] ; then\n    # print error to STDERR\n    echo \"error: The sandbox is not in sync with the Podfile.lock. Run 'pod install' or update your CocoaPods installation.\" >&2\n    exit 1\nfi\n# This output is used by Xcode 'outputs' to avoid re-running this script phase.\necho \"SUCCESS\" > \"${SCRIPT_OUTPUT_FILE_0}\"\n";
			showEnvVarsInLog = 0;
		};
		6FCFFB285D25082D90DE4F71 /* [CP] Check Pods Manifest.lock */ = {
			isa = PBXShellScriptBuildPhase;
			buildActionMask = 2147483647;
			files = (
			);
			inputPaths = (
				"${PODS_PODFILE_DIR_PATH}/Podfile.lock",
				"${PODS_ROOT}/Manifest.lock",
			);
			name = "[CP] Check Pods Manifest.lock";
			outputPaths = (
				"$(DERIVED_FILE_DIR)/Pods-ColorPickerSwiftTests-checkManifestLockResult.txt",
			);
			runOnlyForDeploymentPostprocessing = 0;
			shellPath = /bin/sh;
			shellScript = "diff \"${PODS_PODFILE_DIR_PATH}/Podfile.lock\" \"${PODS_ROOT}/Manifest.lock\" > /dev/null\nif [ $? != 0 ] ; then\n    # print error to STDERR\n    echo \"error: The sandbox is not in sync with the Podfile.lock. Run 'pod install' or update your CocoaPods installation.\" >&2\n    exit 1\nfi\n# This output is used by Xcode 'outputs' to avoid re-running this script phase.\necho \"SUCCESS\" > \"${SCRIPT_OUTPUT_FILE_0}\"\n";
			showEnvVarsInLog = 0;
		};
/* End PBXShellScriptBuildPhase section */

/* Begin PBXSourcesBuildPhase section */
		08DDEF4021C28BC500224015 /* Sources */ = {
			isa = PBXSourcesBuildPhase;
			buildActionMask = 2147483647;
			files = (
				08DDEF4A21C28BC500224015 /* ViewController.swift in Sources */,
				08DDEF4821C28BC500224015 /* AppDelegate.swift in Sources */,
				08DDEF7D21C2AFC300224015 /* ColorAsset.swift in Sources */,
				08DDEF8121C2C3B200224015 /* SegueHandlerType.swift in Sources */,
				08DDEF7B21C29F8E00224015 /* ColorPickerViewController.swift in Sources */,
				08ACD41E21F9D171003D5958 /* R.generated.swift in Sources */,
			);
			runOnlyForDeploymentPostprocessing = 0;
		};
		08DDEF5421C28BC700224015 /* Sources */ = {
			isa = PBXSourcesBuildPhase;
			buildActionMask = 2147483647;
			files = (
				08DDEF5D21C28BC700224015 /* ColorPickerSwiftTests.swift in Sources */,
			);
			runOnlyForDeploymentPostprocessing = 0;
		};
		08DDEF5F21C28BC700224015 /* Sources */ = {
			isa = PBXSourcesBuildPhase;
			buildActionMask = 2147483647;
			files = (
				08DDEF6821C28BC700224015 /* ColorPickerSwiftUITests.swift in Sources */,
			);
			runOnlyForDeploymentPostprocessing = 0;
		};
/* End PBXSourcesBuildPhase section */

/* Begin PBXTargetDependency section */
		08DDEF5A21C28BC700224015 /* PBXTargetDependency */ = {
			isa = PBXTargetDependency;
			target = 08DDEF4321C28BC500224015 /* ColorPickerSwift */;
			targetProxy = 08DDEF5921C28BC700224015 /* PBXContainerItemProxy */;
		};
		08DDEF6521C28BC700224015 /* PBXTargetDependency */ = {
			isa = PBXTargetDependency;
			target = 08DDEF4321C28BC500224015 /* ColorPickerSwift */;
			targetProxy = 08DDEF6421C28BC700224015 /* PBXContainerItemProxy */;
		};
/* End PBXTargetDependency section */

/* Begin PBXVariantGroup section */
		08DDEF4B21C28BC500224015 /* Main.storyboard */ = {
			isa = PBXVariantGroup;
			children = (
				08DDEF4C21C28BC500224015 /* Base */,
			);
			name = Main.storyboard;
			sourceTree = "<group>";
		};
		08DDEF5021C28BC700224015 /* LaunchScreen.storyboard */ = {
			isa = PBXVariantGroup;
			children = (
				08DDEF5121C28BC700224015 /* Base */,
			);
			name = LaunchScreen.storyboard;
			sourceTree = "<group>";
		};
/* End PBXVariantGroup section */

/* Begin XCBuildConfiguration section */
		08DDEF6A21C28BC700224015 /* Debug */ = {
			isa = XCBuildConfiguration;
			buildSettings = {
				ALWAYS_SEARCH_USER_PATHS = NO;
				CLANG_ANALYZER_NONNULL = YES;
				CLANG_ANALYZER_NUMBER_OBJECT_CONVERSION = YES_AGGRESSIVE;
				CLANG_CXX_LANGUAGE_STANDARD = "gnu++14";
				CLANG_CXX_LIBRARY = "libc++";
				CLANG_ENABLE_MODULES = YES;
				CLANG_ENABLE_OBJC_ARC = YES;
				CLANG_ENABLE_OBJC_WEAK = YES;
				CLANG_WARN_BLOCK_CAPTURE_AUTORELEASING = YES;
				CLANG_WARN_BOOL_CONVERSION = YES;
				CLANG_WARN_COMMA = YES;
				CLANG_WARN_CONSTANT_CONVERSION = YES;
				CLANG_WARN_DEPRECATED_OBJC_IMPLEMENTATIONS = YES;
				CLANG_WARN_DIRECT_OBJC_ISA_USAGE = YES_ERROR;
				CLANG_WARN_DOCUMENTATION_COMMENTS = YES;
				CLANG_WARN_EMPTY_BODY = YES;
				CLANG_WARN_ENUM_CONVERSION = YES;
				CLANG_WARN_INFINITE_RECURSION = YES;
				CLANG_WARN_INT_CONVERSION = YES;
				CLANG_WARN_NON_LITERAL_NULL_CONVERSION = YES;
				CLANG_WARN_OBJC_IMPLICIT_RETAIN_SELF = YES;
				CLANG_WARN_OBJC_LITERAL_CONVERSION = YES;
				CLANG_WARN_OBJC_ROOT_CLASS = YES_ERROR;
				CLANG_WARN_RANGE_LOOP_ANALYSIS = YES;
				CLANG_WARN_STRICT_PROTOTYPES = YES;
				CLANG_WARN_SUSPICIOUS_MOVE = YES;
				CLANG_WARN_UNGUARDED_AVAILABILITY = YES_AGGRESSIVE;
				CLANG_WARN_UNREACHABLE_CODE = YES;
				CLANG_WARN__DUPLICATE_METHOD_MATCH = YES;
				CODE_SIGN_IDENTITY = "iPhone Developer";
				COPY_PHASE_STRIP = NO;
				DEBUG_INFORMATION_FORMAT = dwarf;
				ENABLE_STRICT_OBJC_MSGSEND = YES;
				ENABLE_TESTABILITY = YES;
				GCC_C_LANGUAGE_STANDARD = gnu11;
				GCC_DYNAMIC_NO_PIC = NO;
				GCC_NO_COMMON_BLOCKS = YES;
				GCC_OPTIMIZATION_LEVEL = 0;
				GCC_PREPROCESSOR_DEFINITIONS = (
					"DEBUG=1",
					"$(inherited)",
				);
				GCC_WARN_64_TO_32_BIT_CONVERSION = YES;
				GCC_WARN_ABOUT_RETURN_TYPE = YES_ERROR;
				GCC_WARN_UNDECLARED_SELECTOR = YES;
				GCC_WARN_UNINITIALIZED_AUTOS = YES_AGGRESSIVE;
				GCC_WARN_UNUSED_FUNCTION = YES;
				GCC_WARN_UNUSED_VARIABLE = YES;
				IPHONEOS_DEPLOYMENT_TARGET = 12.1;
				MTL_ENABLE_DEBUG_INFO = INCLUDE_SOURCE;
				MTL_FAST_MATH = YES;
				ONLY_ACTIVE_ARCH = YES;
				SDKROOT = iphoneos;
				SWIFT_ACTIVE_COMPILATION_CONDITIONS = DEBUG;
				SWIFT_OPTIMIZATION_LEVEL = "-Onone";
			};
			name = Debug;
		};
		08DDEF6B21C28BC700224015 /* Release */ = {
			isa = XCBuildConfiguration;
			buildSettings = {
				ALWAYS_SEARCH_USER_PATHS = NO;
				CLANG_ANALYZER_NONNULL = YES;
				CLANG_ANALYZER_NUMBER_OBJECT_CONVERSION = YES_AGGRESSIVE;
				CLANG_CXX_LANGUAGE_STANDARD = "gnu++14";
				CLANG_CXX_LIBRARY = "libc++";
				CLANG_ENABLE_MODULES = YES;
				CLANG_ENABLE_OBJC_ARC = YES;
				CLANG_ENABLE_OBJC_WEAK = YES;
				CLANG_WARN_BLOCK_CAPTURE_AUTORELEASING = YES;
				CLANG_WARN_BOOL_CONVERSION = YES;
				CLANG_WARN_COMMA = YES;
				CLANG_WARN_CONSTANT_CONVERSION = YES;
				CLANG_WARN_DEPRECATED_OBJC_IMPLEMENTATIONS = YES;
				CLANG_WARN_DIRECT_OBJC_ISA_USAGE = YES_ERROR;
				CLANG_WARN_DOCUMENTATION_COMMENTS = YES;
				CLANG_WARN_EMPTY_BODY = YES;
				CLANG_WARN_ENUM_CONVERSION = YES;
				CLANG_WARN_INFINITE_RECURSION = YES;
				CLANG_WARN_INT_CONVERSION = YES;
				CLANG_WARN_NON_LITERAL_NULL_CONVERSION = YES;
				CLANG_WARN_OBJC_IMPLICIT_RETAIN_SELF = YES;
				CLANG_WARN_OBJC_LITERAL_CONVERSION = YES;
				CLANG_WARN_OBJC_ROOT_CLASS = YES_ERROR;
				CLANG_WARN_RANGE_LOOP_ANALYSIS = YES;
				CLANG_WARN_STRICT_PROTOTYPES = YES;
				CLANG_WARN_SUSPICIOUS_MOVE = YES;
				CLANG_WARN_UNGUARDED_AVAILABILITY = YES_AGGRESSIVE;
				CLANG_WARN_UNREACHABLE_CODE = YES;
				CLANG_WARN__DUPLICATE_METHOD_MATCH = YES;
				CODE_SIGN_IDENTITY = "iPhone Developer";
				COPY_PHASE_STRIP = NO;
				DEBUG_INFORMATION_FORMAT = "dwarf-with-dsym";
				ENABLE_NS_ASSERTIONS = NO;
				ENABLE_STRICT_OBJC_MSGSEND = YES;
				GCC_C_LANGUAGE_STANDARD = gnu11;
				GCC_NO_COMMON_BLOCKS = YES;
				GCC_WARN_64_TO_32_BIT_CONVERSION = YES;
				GCC_WARN_ABOUT_RETURN_TYPE = YES_ERROR;
				GCC_WARN_UNDECLARED_SELECTOR = YES;
				GCC_WARN_UNINITIALIZED_AUTOS = YES_AGGRESSIVE;
				GCC_WARN_UNUSED_FUNCTION = YES;
				GCC_WARN_UNUSED_VARIABLE = YES;
				IPHONEOS_DEPLOYMENT_TARGET = 12.1;
				MTL_ENABLE_DEBUG_INFO = NO;
				MTL_FAST_MATH = YES;
				SDKROOT = iphoneos;
				SWIFT_COMPILATION_MODE = wholemodule;
				SWIFT_OPTIMIZATION_LEVEL = "-O";
				VALIDATE_PRODUCT = YES;
			};
			name = Release;
		};
		08DDEF6D21C28BC700224015 /* Debug */ = {
			isa = XCBuildConfiguration;
			baseConfigurationReference = 6D133523C409AF70322FC5A8 /* Pods-ColorPickerSwift.debug.xcconfig */;
			buildSettings = {
				ASSETCATALOG_COMPILER_APPICON_NAME = AppIcon;
				CODE_SIGN_STYLE = Automatic;
				INFOPLIST_FILE = ColorPickerSwift/Info.plist;
				LD_RUNPATH_SEARCH_PATHS = (
					"$(inherited)",
					"@executable_path/Frameworks",
				);
				PRODUCT_BUNDLE_IDENTIFIER = Carlos.ColorPickerSwift;
				PRODUCT_NAME = "$(TARGET_NAME)";
				SWIFT_VERSION = 4.2;
				TARGETED_DEVICE_FAMILY = "1,2";
			};
			name = Debug;
		};
		08DDEF6E21C28BC700224015 /* Release */ = {
			isa = XCBuildConfiguration;
			baseConfigurationReference = 234AF4E57DC5D116E9022665 /* Pods-ColorPickerSwift.release.xcconfig */;
			buildSettings = {
				ASSETCATALOG_COMPILER_APPICON_NAME = AppIcon;
				CODE_SIGN_STYLE = Automatic;
				INFOPLIST_FILE = ColorPickerSwift/Info.plist;
				LD_RUNPATH_SEARCH_PATHS = (
					"$(inherited)",
					"@executable_path/Frameworks",
				);
				PRODUCT_BUNDLE_IDENTIFIER = Carlos.ColorPickerSwift;
				PRODUCT_NAME = "$(TARGET_NAME)";
				SWIFT_VERSION = 4.2;
				TARGETED_DEVICE_FAMILY = "1,2";
			};
			name = Release;
		};
		08DDEF7021C28BC700224015 /* Debug */ = {
			isa = XCBuildConfiguration;
			baseConfigurationReference = 26262957A74B1E601E0EF7FE /* Pods-ColorPickerSwiftTests.debug.xcconfig */;
			buildSettings = {
				ALWAYS_EMBED_SWIFT_STANDARD_LIBRARIES = YES;
				BUNDLE_LOADER = "$(TEST_HOST)";
				CODE_SIGN_STYLE = Automatic;
				INFOPLIST_FILE = ColorPickerSwiftTests/Info.plist;
				LD_RUNPATH_SEARCH_PATHS = (
					"$(inherited)",
					"@executable_path/Frameworks",
					"@loader_path/Frameworks",
				);
				PRODUCT_BUNDLE_IDENTIFIER = Carlos.ColorPickerSwiftTests;
				PRODUCT_NAME = "$(TARGET_NAME)";
				SWIFT_VERSION = 4.2;
				TARGETED_DEVICE_FAMILY = "1,2";
				TEST_HOST = "$(BUILT_PRODUCTS_DIR)/ColorPickerSwift.app/ColorPickerSwift";
			};
			name = Debug;
		};
		08DDEF7121C28BC700224015 /* Release */ = {
			isa = XCBuildConfiguration;
			baseConfigurationReference = 39E0382AD55CDB297A69A14F /* Pods-ColorPickerSwiftTests.release.xcconfig */;
			buildSettings = {
				ALWAYS_EMBED_SWIFT_STANDARD_LIBRARIES = YES;
				BUNDLE_LOADER = "$(TEST_HOST)";
				CODE_SIGN_STYLE = Automatic;
				INFOPLIST_FILE = ColorPickerSwiftTests/Info.plist;
				LD_RUNPATH_SEARCH_PATHS = (
					"$(inherited)",
					"@executable_path/Frameworks",
					"@loader_path/Frameworks",
				);
				PRODUCT_BUNDLE_IDENTIFIER = Carlos.ColorPickerSwiftTests;
				PRODUCT_NAME = "$(TARGET_NAME)";
				SWIFT_VERSION = 4.2;
				TARGETED_DEVICE_FAMILY = "1,2";
				TEST_HOST = "$(BUILT_PRODUCTS_DIR)/ColorPickerSwift.app/ColorPickerSwift";
			};
			name = Release;
		};
		08DDEF7321C28BC700224015 /* Debug */ = {
			isa = XCBuildConfiguration;
			baseConfigurationReference = 1BF71D8C1574AD8ADBCD182C /* Pods-ColorPickerSwiftUITests.debug.xcconfig */;
			buildSettings = {
				ALWAYS_EMBED_SWIFT_STANDARD_LIBRARIES = YES;
				CODE_SIGN_STYLE = Automatic;
				INFOPLIST_FILE = ColorPickerSwiftUITests/Info.plist;
				LD_RUNPATH_SEARCH_PATHS = (
					"$(inherited)",
					"@executable_path/Frameworks",
					"@loader_path/Frameworks",
				);
				PRODUCT_BUNDLE_IDENTIFIER = Carlos.ColorPickerSwiftUITests;
				PRODUCT_NAME = "$(TARGET_NAME)";
				SWIFT_VERSION = 4.2;
				TARGETED_DEVICE_FAMILY = "1,2";
				TEST_TARGET_NAME = ColorPickerSwift;
			};
			name = Debug;
		};
		08DDEF7421C28BC700224015 /* Release */ = {
			isa = XCBuildConfiguration;
			baseConfigurationReference = FA9A214E682CC0812B22122D /* Pods-ColorPickerSwiftUITests.release.xcconfig */;
			buildSettings = {
				ALWAYS_EMBED_SWIFT_STANDARD_LIBRARIES = YES;
				CODE_SIGN_STYLE = Automatic;
				INFOPLIST_FILE = ColorPickerSwiftUITests/Info.plist;
				LD_RUNPATH_SEARCH_PATHS = (
					"$(inherited)",
					"@executable_path/Frameworks",
					"@loader_path/Frameworks",
				);
				PRODUCT_BUNDLE_IDENTIFIER = Carlos.ColorPickerSwiftUITests;
				PRODUCT_NAME = "$(TARGET_NAME)";
				SWIFT_VERSION = 4.2;
				TARGETED_DEVICE_FAMILY = "1,2";
				TEST_TARGET_NAME = ColorPickerSwift;
			};
			name = Release;
		};
/* End XCBuildConfiguration section */

/* Begin XCConfigurationList section */
		08DDEF3F21C28BC500224015 /* Build configuration list for PBXProject "ColorPickerSwift" */ = {
			isa = XCConfigurationList;
			buildConfigurations = (
				08DDEF6A21C28BC700224015 /* Debug */,
				08DDEF6B21C28BC700224015 /* Release */,
			);
			defaultConfigurationIsVisible = 0;
			defaultConfigurationName = Release;
		};
		08DDEF6C21C28BC700224015 /* Build configuration list for PBXNativeTarget "ColorPickerSwift" */ = {
			isa = XCConfigurationList;
			buildConfigurations = (
				08DDEF6D21C28BC700224015 /* Debug */,
				08DDEF6E21C28BC700224015 /* Release */,
			);
			defaultConfigurationIsVisible = 0;
			defaultConfigurationName = Release;
		};
		08DDEF6F21C28BC700224015 /* Build configuration list for PBXNativeTarget "ColorPickerSwiftTests" */ = {
			isa = XCConfigurationList;
			buildConfigurations = (
				08DDEF7021C28BC700224015 /* Debug */,
				08DDEF7121C28BC700224015 /* Release */,
			);
			defaultConfigurationIsVisible = 0;
			defaultConfigurationName = Release;
		};
		08DDEF7221C28BC700224015 /* Build configuration list for PBXNativeTarget "ColorPickerSwiftUITests" */ = {
			isa = XCConfigurationList;
			buildConfigurations = (
				08DDEF7321C28BC700224015 /* Debug */,
				08DDEF7421C28BC700224015 /* Release */,
			);
			defaultConfigurationIsVisible = 0;
			defaultConfigurationName = Release;
		};
/* End XCConfigurationList section */
	};
	rootObject = 08DDEF3C21C28BC500224015 /* Project object */;
}
